
Microsoft Visual Studio Solution File, Format Version 12.00
# Visual Studio Version 17
VisualStudioVersion = 17.5.33530.505
MinimumVisualStudioVersion = 10.0.40219.1
Project("{FAE04EC0-301F-11D3-BF4B-00C04F79EFBC}") = "PaginaGrupo.Api", "PaginaGrupo.Api\PaginaGrupo.Api.csproj", "{FC368116-3452-458A-9D4F-E1EB430440E6}"
EndProject
Project("{FAE04EC0-301F-11D3-BF4B-00C04F79EFBC}") = "PaginaGrupo.Core", "PaginaGrupo.Core\PaginaGrupo.Core.csproj", "{B5C50E5E-358C-4E23-9275-34489D7C68B6}"
EndProject
Project("{FAE04EC0-301F-11D3-BF4B-00C04F79EFBC}") = "PaginaGrupo.Infra", "PaginaGrupo.Infra\PaginaGrupo.Infra.csproj", "{E3E0258B-2630-4DCF-87F4-05923ABC44B7}"
EndProject
Project("{2150E333-8FDC-42A3-9474-1A3956D46DE8}") = "Tests", "Tests", "{AC4C265C-BD75-4917-A722-7A751F056F95}"
EndProject
Project("{FAE04EC0-301F-11D3-BF4B-00C04F79EFBC}") = "PaginaGrupo.UnitTest", "PaginaGrupo.UnitTest\PaginaGrupo.UnitTest.csproj", "{09B8C9DF-DA39-4096-9480-D4C7BEFE2A83}"
EndProject
Project("{FAE04EC0-301F-11D3-BF4B-00C04F79EFBC}") = "PaginaGrupo.IntegrationTest", "PaginaGrupo.IntegrationTest\PaginaGrupo.IntegrationTest.csproj", "{AC2DBF2A-B05B-42B2-AC05-C35A9AC560B7}"
EndProject
Global
	GlobalSection(SolutionConfigurationPlatforms) = preSolution
		Debug|Any CPU = Debug|Any CPU
		Release|Any CPU = Release|Any CPU
	EndGlobalSection
	GlobalSection(ProjectConfigurationPlatforms) = postSolution
		{FC368116-3452-458A-9D4F-E1EB430440E6}.Debug|Any CPU.ActiveCfg = Debug|Any CPU
		{FC368116-3452-458A-9D4F-E1EB430440E6}.Debug|Any CPU.Build.0 = Debug|Any CPU
		{FC368116-3452-458A-9D4F-E1EB430440E6}.Release|Any CPU.ActiveCfg = Release|Any CPU
		{FC368116-3452-458A-9D4F-E1EB430440E6}.Release|Any CPU.Build.0 = Release|Any CPU
		{B5C50E5E-358C-4E23-9275-34489D7C68B6}.Debug|Any CPU.ActiveCfg = Debug|Any CPU
		{B5C50E5E-358C-4E23-9275-34489D7C68B6}.Debug|Any CPU.Build.0 = Debug|Any CPU
		{B5C50E5E-358C-4E23-9275-34489D7C68B6}.Release|Any CPU.ActiveCfg = Release|Any CPU
		{B5C50E5E-358C-4E23-9275-34489D7C68B6}.Release|Any CPU.Build.0 = Release|Any CPU
		{E3E0258B-2630-4DCF-87F4-05923ABC44B7}.Debug|Any CPU.ActiveCfg = Debug|Any CPU
		{E3E0258B-2630-4DCF-87F4-05923ABC44B7}.Debug|Any CPU.Build.0 = Debug|Any CPU
		{E3E0258B-2630-4DCF-87F4-05923ABC44B7}.Release|Any CPU.ActiveCfg = Release|Any CPU
		{E3E0258B-2630-4DCF-87F4-05923ABC44B7}.Release|Any CPU.Build.0 = Release|Any CPU
		{09B8C9DF-DA39-4096-9480-D4C7BEFE2A83}.Debug|Any CPU.ActiveCfg = Debug|Any CPU
		{09B8C9DF-DA39-4096-9480-D4C7BEFE2A83}.Debug|Any CPU.Build.0 = Debug|Any CPU
		{09B8C9DF-DA39-4096-9480-D4C7BEFE2A83}.Release|Any CPU.ActiveCfg = Release|Any CPU
		{09B8C9DF-DA39-4096-9480-D4C7BEFE2A83}.Release|Any CPU.Build.0 = Release|Any CPU
		{AC2DBF2A-B05B-42B2-AC05-C35A9AC560B7}.Debug|Any CPU.ActiveCfg = Debug|Any CPU
		{AC2DBF2A-B05B-42B2-AC05-C35A9AC560B7}.Debug|Any CPU.Build.0 = Debug|Any CPU
		{AC2DBF2A-B05B-42B2-AC05-C35A9AC560B7}.Release|Any CPU.ActiveCfg = Release|Any CPU
		{AC2DBF2A-B05B-42B2-AC05-C35A9AC560B7}.Release|Any CPU.Build.0 = Release|Any CPU
	EndGlobalSection
	GlobalSection(SolutionProperties) = preSolution
		HideSolutionNode = FALSE
	EndGlobalSection
	GlobalSection(NestedProjects) = preSolution
		{09B8C9DF-DA39-4096-9480-D4C7BEFE2A83} = {AC4C265C-BD75-4917-A722-7A751F056F95}
		{AC2DBF2A-B05B-42B2-AC05-C35A9AC560B7} = {AC4C265C-BD75-4917-A722-7A751F056F95}
	EndGlobalSection
	GlobalSection(ExtensibilityGlobals) = postSolution
		SolutionGuid = {7D87FBF3-FF0C-448A-B47F-2B0BCD28161D}
	EndGlobalSection
EndGlobal
